{
  "lockfileVersion": 1,
  "configVersion": 1,
  "workspaces": {
    "": {
      "devDependencies": {
        "@biomejs/biome": "2.1.2",
        "@primitivestack/config": "0.0.1",
        "tsdown": "0.13.0",
        "type-fest": "4.41.0",
        "typescript": "5.8.3",
      },
    },
  },
  "packages": {
    "@babel/generator": ["@babel/generator@7.29.1", "", { "dependencies": { "@babel/parser": "^7.29.0", "@babel/types": "^7.29.0", "@jridgewell/gen-mapping": "^0.3.12", "@jridgewell/trace-mapping": "^0.3.28", "jsesc": "^3.0.2" } }, "sha512-qsaF+9Qcm2Qv8SRIMMscAvG4O3lJ0F1GuMo5HR/Bp02LopNgnZBC/EkbevHFeGs4ls/oPz9v+Bsmzbkbe+0dUw=="],

    "@babel/helper-string-parser": ["@babel/helper-string-parser@7.27.1", "", {}, "sha512-qMlSxKbpRlAridDExk92nSobyDdpPijUq2DW6oDnUqd0iOGxmQjyqhMIihI9+zv4LPyZdRje2cavWPbCbWm3eA=="],

    "@babel/helper-validator-identifier": ["@babel/helper-validator-identifier@7.28.5", "", {}, "sha512-qSs4ifwzKJSV39ucNjsvc6WVHs6b7S03sOh2OcHF9UHfVPqWWALUsNUVzhSBiItjRZoLHx7nIarVjqKVusUZ1Q=="],

    "@babel/parser": ["@babel/parser@7.29.0", "", { "dependencies": { "@babel/types": "^7.29.0" }, "bin": "./bin/babel-parser.js" }, "sha512-IyDgFV5GeDUVX4YdF/3CPULtVGSXXMLh1xVIgdCgxApktqnQV0r7/8Nqthg+8YLGaAtdyIlo2qIdZrbCv4+7ww=="],

    "@babel/types": ["@babel/types@7.29.0", "", { "dependencies": { "@babel/helper-string-parser": "^7.27.1", "@babel/helper-validator-identifier": "^7.28.5" } }, "sha512-LwdZHpScM4Qz8Xw2iKSzS+cfglZzJGvofQICy7W7v4caru4EaAmyUuO6BGrbyQ2mYV11W0U8j5mBhd14dd3B0A=="],

    "@biomejs/biome": ["@biomejs/biome@2.1.2", "", { "optionalDependencies": { "@biomejs/cli-darwin-arm64": "2.1.2", "@biomejs/cli-darwin-x64": "2.1.2", "@biomejs/cli-linux-arm64": "2.1.2", "@biomejs/cli-linux-arm64-musl": "2.1.2", "@biomejs/cli-linux-x64": "2.1.2", "@biomejs/cli-linux-x64-musl": "2.1.2", "@biomejs/cli-win32-arm64": "2.1.2", "@biomejs/cli-win32-x64": "2.1.2" }, "bin": { "biome": "bin/biome" } }, "sha512-yq8ZZuKuBVDgAS76LWCfFKHSYIAgqkxVB3mGVVpOe2vSkUTs7xG46zXZeNPRNVjiJuw0SZ3+J2rXiYx0RUpfGg=="],

    "@biomejs/cli-darwin-arm64": ["@biomejs/cli-darwin-arm64@2.1.2", "", { "os": "darwin", "cpu": "arm64" }, "sha512-leFAks64PEIjc7MY/cLjE8u5OcfBKkcDB0szxsWUB4aDfemBep1WVKt0qrEyqZBOW8LPHzrFMyDl3FhuuA0E7g=="],

    "@biomejs/cli-darwin-x64": ["@biomejs/cli-darwin-x64@2.1.2", "", { "os": "darwin", "cpu": "x64" }, "sha512-Nmmv7wRX5Nj7lGmz0FjnWdflJg4zii8Ivruas6PBKzw5SJX/q+Zh2RfnO+bBnuKLXpj8kiI2x2X12otpH6a32A=="],

    "@biomejs/cli-linux-arm64": ["@biomejs/cli-linux-arm64@2.1.2", "", { "os": "linux", "cpu": "arm64" }, "sha512-NWNy2Diocav61HZiv2enTQykbPP/KrA/baS7JsLSojC7Xxh2nl9IczuvE5UID7+ksRy2e7yH7klm/WkA72G1dw=="],

    "@biomejs/cli-linux-arm64-musl": ["@biomejs/cli-linux-arm64-musl@2.1.2", "", { "os": "linux", "cpu": "arm64" }, "sha512-qgHvafhjH7Oca114FdOScmIKf1DlXT1LqbOrrbR30kQDLFPEOpBG0uzx6MhmsrmhGiCFCr2obDamu+czk+X0HQ=="],

    "@biomejs/cli-linux-x64": ["@biomejs/cli-linux-x64@2.1.2", "", { "os": "linux", "cpu": "x64" }, "sha512-Km/UYeVowygTjpX6sGBzlizjakLoMQkxWbruVZSNE6osuSI63i4uCeIL+6q2AJlD3dxoiBJX70dn1enjQnQqwA=="],

    "@biomejs/cli-linux-x64-musl": ["@biomejs/cli-linux-x64-musl@2.1.2", "", { "os": "linux", "cpu": "x64" }, "sha512-xlB3mU14ZUa3wzLtXfmk2IMOGL+S0aHFhSix/nssWS/2XlD27q+S6f0dlQ8WOCbYoXcuz8BCM7rCn2lxdTrlQA=="],

    "@biomejs/cli-win32-arm64": ["@biomejs/cli-win32-arm64@2.1.2", "", { "os": "win32", "cpu": "arm64" }, "sha512-G8KWZli5ASOXA3yUQgx+M4pZRv3ND16h77UsdunUL17uYpcL/UC7RkWTdkfvMQvogVsAuz5JUcBDjgZHXxlKoA=="],

    "@biomejs/cli-win32-x64": ["@biomejs/cli-win32-x64@2.1.2", "", { "os": "win32", "cpu": "x64" }, "sha512-9zajnk59PMpjBkty3bK2IrjUsUHvqe9HWwyAWQBjGLE7MIBjbX2vwv1XPEhmO2RRuGoTkVx3WCanHrjAytICLA=="],

    "@emnapi/core": ["@emnapi/core@1.8.1", "", { "dependencies": { "@emnapi/wasi-threads": "1.1.0", "tslib": "^2.4.0" } }, "sha512-AvT9QFpxK0Zd8J0jopedNm+w/2fIzvtPKPjqyw9jwvBaReTTqPBk9Hixaz7KbjimP+QNz605/XnjFcDAL2pqBg=="],

    "@emnapi/runtime": ["@emnapi/runtime@1.8.1", "", { "dependencies": { "tslib": "^2.4.0" } }, "sha512-mehfKSMWjjNol8659Z8KxEMrdSJDDot5SXMq00dM8BN4o+CLNXQ0xH2V7EchNHV4RmbZLmmPdEaXZc5H2FXmDg=="],

    "@emnapi/wasi-threads": ["@emnapi/wasi-threads@1.1.0", "", { "dependencies": { "tslib": "^2.4.0" } }, "sha512-WI0DdZ8xFSbgMjR1sFsKABJ/C5OnRrjT06JXbZKexJGrDuPTzZdDYfFlsgcCXCyf+suG5QU2e/y1Wo2V/OapLQ=="],

    "@jridgewell/gen-mapping": ["@jridgewell/gen-mapping@0.3.13", "", { "dependencies": { "@jridgewell/sourcemap-codec": "^1.5.0", "@jridgewell/trace-mapping": "^0.3.24" } }, "sha512-2kkt/7niJ6MgEPxF0bYdQ6etZaA+fQvDcLKckhy1yIQOzaoKjBBjSj63/aLVjYE3qhRt5dvM+uUyfCg6UKCBbA=="],

    "@jridgewell/resolve-uri": ["@jridgewell/resolve-uri@3.1.2", "", {}, "sha512-bRISgCIjP20/tbWSPWMEi54QVPRZExkuD9lJL+UIxUKtwVJA8wW1Trb1jMs1RFXo1CBTNZ/5hpC9QvmKWdopKw=="],

    "@jridgewell/sourcemap-codec": ["@jridgewell/sourcemap-codec@1.5.5", "", {}, "sha512-cYQ9310grqxueWbl+WuIUIaiUaDcj7WOq5fVhEljNVgRfOUhY9fy2zTvfoqWsnebh8Sl70VScFbICvJnLKB0Og=="],

    "@jridgewell/trace-mapping": ["@jridgewell/trace-mapping@0.3.31", "", { "dependencies": { "@jridgewell/resolve-uri": "^3.1.0", "@jridgewell/sourcemap-codec": "^1.4.14" } }, "sha512-zzNR+SdQSDJzc8joaeP8QQoCQr8NuYx2dIIytl1QeBEZHJ9uW6hebsrYgbz8hJwUQao3TWCMtmfV8Nu1twOLAw=="],

    "@napi-rs/wasm-runtime": ["@napi-rs/wasm-runtime@1.1.1", "", { "dependencies": { "@emnapi/core": "^1.7.1", "@emnapi/runtime": "^1.7.1", "@tybys/wasm-util": "^0.10.1" } }, "sha512-p64ah1M1ld8xjWv3qbvFwHiFVWrq1yFvV4f7w+mzaqiR4IlSgkqhcRdHwsGgomwzBH51sRY4NEowLxnaBjcW/A=="],

    "@oxc-project/types": ["@oxc-project/types@0.115.0", "", {}, "sha512-4n91DKnebUS4yjUHl2g3/b2T+IUdCfmoZGhmwsovZCDaJSs+QkVAM+0AqqTxHSsHfeiMuueT75cZaZcT/m0pSw=="],

    "@primitivestack/config": ["@primitivestack/config@0.0.1", "", {}, "sha512-RDZIvcfiBhwQVCIKOvbGuK/gF8i6jclI3RkhkejjA6gnWaplr3pg+aMM9tQutbI949Zzsi5EnO/ZKdYwaHZMlg=="],

    "@quansync/fs": ["@quansync/fs@1.0.0", "", { "dependencies": { "quansync": "^1.0.0" } }, "sha512-4TJ3DFtlf1L5LDMaM6CanJ/0lckGNtJcMjQ1NAV6zDmA0tEHKZtxNKin8EgPaVX1YzljbxckyT2tJrpQKAtngQ=="],

    "@rolldown/binding-android-arm64": ["@rolldown/binding-android-arm64@1.0.0-rc.6", "", { "os": "android", "cpu": "arm64" }, "sha512-kvjTSWGcrv+BaR2vge57rsKiYdVR8V8CoS0vgKrc570qRBfty4bT+1X0z3j2TaVV+kAYzA0PjeB9+mdZyqUZlg=="],

    "@rolldown/binding-darwin-arm64": ["@rolldown/binding-darwin-arm64@1.0.0-rc.6", "", { "os": "darwin", "cpu": "arm64" }, "sha512-+tJhD21KvGNtUrpLXrZQlT+j5HZKiEwR2qtcZb3vNOUpvoT9QjEykr75ZW/Kr0W89gose/HVXU6351uVZD8Qvw=="],

    "@rolldown/binding-darwin-x64": ["@rolldown/binding-darwin-x64@1.0.0-rc.6", "", { "os": "darwin", "cpu": "x64" }, "sha512-DKNhjMk38FAWaHwUt1dFR3rA/qRAvn2NUvSG2UGvxvlMxSmN/qqww/j4ABAbXhNRXtGQNmrAINMXRuwHl16ZHg=="],

    "@rolldown/binding-freebsd-x64": ["@rolldown/binding-freebsd-x64@1.0.0-rc.6", "", { "os": "freebsd", "cpu": "x64" }, "sha512-8TThsRkCPAnfyMBShxrGdtoOE6h36QepqRQI97iFaQSCRbHFWHcDHppcojZnzXoruuhPnjMEygzaykvPVJsMRg=="],

    "@rolldown/binding-linux-arm-gnueabihf": ["@rolldown/binding-linux-arm-gnueabihf@1.0.0-rc.6", "", { "os": "linux", "cpu": "arm" }, "sha512-ZfmFoOwPUZCWtGOVC9/qbQzfc0249FrRUOzV2XabSMUV60Crp211OWLQN1zmQAsRIVWRcEwhJ46Z1mXGo/L/nQ=="],

    "@rolldown/binding-linux-arm64-gnu": ["@rolldown/binding-linux-arm64-gnu@1.0.0-rc.6", "", { "os": "linux", "cpu": "arm64" }, "sha512-ZsGzbNETxPodGlLTYHaCSGVhNN/rvkMDCJYHdT7PZr5jFJRmBfmDi2awhF64Dt2vxrJqY6VeeYSgOzEbHRsb7Q=="],

    "@rolldown/binding-linux-arm64-musl": ["@rolldown/binding-linux-arm64-musl@1.0.0-rc.6", "", { "os": "linux", "cpu": "arm64" }, "sha512-elPpdevtCdUOqziemR86C4CSCr/5sUxalzDrf/CJdMT+kZt2C556as++qHikNOz0vuFf52h+GJNXZM08eWgGPQ=="],

    "@rolldown/binding-linux-x64-gnu": ["@rolldown/binding-linux-x64-gnu@1.0.0-rc.6", "", { "os": "linux", "cpu": "x64" }, "sha512-IBwXsf56o3xhzAyaZxdM1CX8UFiBEUFCjiVUgny67Q8vPIqkjzJj0YKhd3TbBHanuxThgBa59f6Pgutg2OGk5A=="],

    "@rolldown/binding-linux-x64-musl": ["@rolldown/binding-linux-x64-musl@1.0.0-rc.6", "", { "os": "linux", "cpu": "x64" }, "sha512-vOk7G8V9Zm+8a6PL6JTpCea61q491oYlGtO6CvnsbhNLlKdf0bbCPytFzGQhYmCKZDKkEbmnkcIprTEGCURnwg=="],

    "@rolldown/binding-openharmony-arm64": ["@rolldown/binding-openharmony-arm64@1.0.0-rc.6", "", { "os": "none", "cpu": "arm64" }, "sha512-ASjEDI4MRv7XCQb2JVaBzfEYO98JKCGrAgoW6M03fJzH/ilCnC43Mb3ptB9q/lzsaahoJyIBoAGKAYEjUvpyvQ=="],

    "@rolldown/binding-wasm32-wasi": ["@rolldown/binding-wasm32-wasi@1.0.0-rc.6", "", { "dependencies": { "@napi-rs/wasm-runtime": "^1.1.1" }, "cpu": "none" }, "sha512-mYa1+h2l6Zc0LvmwUh0oXKKYihnw/1WC73vTqw+IgtfEtv47A+rWzzcWwVDkW73+UDr0d/Ie/HRXoaOY22pQDw=="],

    "@rolldown/binding-win32-arm64-msvc": ["@rolldown/binding-win32-arm64-msvc@1.0.0-rc.6", "", { "os": "win32", "cpu": "arm64" }, "sha512-e2ABskbNH3MRUBMjgxaMjYIw11DSwjLJxBII3UgpF6WClGLIh8A20kamc+FKH5vIaFVnYQInmcLYSUVpqMPLow=="],

    "@rolldown/binding-win32-x64-msvc": ["@rolldown/binding-win32-x64-msvc@1.0.0-rc.6", "", { "os": "win32", "cpu": "x64" }, "sha512-dJVc3ifhaRXxIEh1xowLohzFrlQXkJ66LepHm+CmSprTWgVrPa8Fx3OL57xwIqDEH9hufcKkDX2v65rS3NZyRA=="],

    "@rolldown/pluginutils": ["@rolldown/pluginutils@1.0.0-rc.6", "", {}, "sha512-Y0+JT8Mi1mmW08K6HieG315XNRu4L0rkfCpA364HtytjgiqYnMYRdFPcxRl+BQQqNXzecL2S9nii+RUpO93XIA=="],

    "@tybys/wasm-util": ["@tybys/wasm-util@0.10.1", "", { "dependencies": { "tslib": "^2.4.0" } }, "sha512-9tTaPJLSiejZKx+Bmog4uSubteqTvFrVrURwkmHixBo0G4seD0zUxp98E1DzUBJxLQ3NPwXrGKDiVjwx/DpPsg=="],

    "ansis": ["ansis@4.2.0", "", {}, "sha512-HqZ5rWlFjGiV0tDm3UxxgNRqsOTniqoKZu0pIAfh7TZQMGuZK+hH0drySty0si0QXj1ieop4+SkSfPZBPPkHig=="],

    "ast-kit": ["ast-kit@2.2.0", "", { "dependencies": { "@babel/parser": "^7.28.5", "pathe": "^2.0.3" } }, "sha512-m1Q/RaVOnTp9JxPX+F+Zn7IcLYMzM8kZofDImfsKZd8MbR+ikdOzTeztStWqfrqIxZnYWryyI9ePm3NGjnZgGw=="],

    "birpc": ["birpc@2.9.0", "", {}, "sha512-KrayHS5pBi69Xi9JmvoqrIgYGDkD6mcSe/i6YKi3w5kekCLzrX4+nawcXqrj2tIp50Kw/mT/s3p+GVK0A0sKxw=="],

    "cac": ["cac@6.7.14", "", {}, "sha512-b6Ilus+c3RrdDk+JhLKUAQfzzgLEPy6wcXqS7f/xe1EETvsDP6GORG7SFuOs6cID5YkqchW/LXZbX5bc8j7ZcQ=="],

    "chokidar": ["chokidar@4.0.3", "", { "dependencies": { "readdirp": "^4.0.1" } }, "sha512-Qgzu8kfBvo+cA4962jnP1KkS6Dop5NS6g7R5LFYJr4b8Ub94PPQXUksCw9PvXoeXPRRddRNC5C1JQUR2SMGtnA=="],

    "debug": ["debug@4.4.3", "", { "dependencies": { "ms": "^2.1.3" } }, "sha512-RGwwWnwQvkVfavKVt22FGLw+xYSdzARwm0ru6DhTVA3umU5hZc28V3kO4stgYryrTlLpuvgI9GiijltAjNbcqA=="],

    "defu": ["defu@6.1.4", "", {}, "sha512-mEQCMmwJu317oSz8CwdIOdwf3xMif1ttiM8LTufzc3g6kR+9Pe236twL8j3IYT1F7GfRgGcW6MWxzZjLIkuHIg=="],

    "diff": ["diff@8.0.3", "", {}, "sha512-qejHi7bcSD4hQAZE0tNAawRK1ZtafHDmMTMkrrIGgSLl7hTnQHmKCeB45xAcbfTqK2zowkM3j3bHt/4b/ARbYQ=="],

    "dts-resolver": ["dts-resolver@2.1.3", "", { "peerDependencies": { "oxc-resolver": ">=11.0.0" }, "optionalPeers": ["oxc-resolver"] }, "sha512-bihc7jPC90VrosXNzK0LTE2cuLP6jr0Ro8jk+kMugHReJVLIpHz/xadeq3MhuwyO4TD4OA3L1Q8pBBFRc08Tsw=="],

    "empathic": ["empathic@2.0.0", "", {}, "sha512-i6UzDscO/XfAcNYD75CfICkmfLedpyPDdozrLMmQc5ORaQcdMoc21OnlEylMIqI7U8eniKrPMxxtj8k0vhmJhA=="],

    "fdir": ["fdir@6.5.0", "", { "peerDependencies": { "picomatch": "^3 || ^4" }, "optionalPeers": ["picomatch"] }, "sha512-tIbYtZbucOs0BRGqPJkshJUYdL+SDH7dVM8gjy+ERp3WAUjLEFJE+02kanyHtwjWOnwrKYBiwAmM0p4kLJAnXg=="],

    "get-tsconfig": ["get-tsconfig@4.13.6", "", { "dependencies": { "resolve-pkg-maps": "^1.0.0" } }, "sha512-shZT/QMiSHc/YBLxxOkMtgSid5HFoauqCE3/exfsEcwg1WkeqjG+V40yBbBrsD+jW2HDXcs28xOfcbm2jI8Ddw=="],

    "hookable": ["hookable@5.5.3", "", {}, "sha512-Yc+BQe8SvoXH1643Qez1zqLRmbA5rCL+sSmk6TVos0LWVfNIB7PGncdlId77WzLGSIB5KaWgTaNTs2lNVEI6VQ=="],

    "jiti": ["jiti@2.6.1", "", { "bin": { "jiti": "lib/jiti-cli.mjs" } }, "sha512-ekilCSN1jwRvIbgeg/57YFh8qQDNbwDb9xT/qu2DAHbFFZUicIl4ygVaAvzveMhMVr3LnpSKTNnwt8PoOfmKhQ=="],

    "jsesc": ["jsesc@3.1.0", "", { "bin": { "jsesc": "bin/jsesc" } }, "sha512-/sM3dO2FOzXjKQhJuo0Q173wf2KOo8t4I8vHy6lF9poUp7bKT0/NHE8fPX23PwfhnykfqnC2xRxOnVw5XuGIaA=="],

    "ms": ["ms@2.1.3", "", {}, "sha512-6FlzubTLZG3J2a/NVCAleEhjzq5oxgHyaCU9yYXvcLsvoVaHJq/s5xXI6/XXP6tz7R9xAOtHnSO/tXtF3WRTlA=="],

    "pathe": ["pathe@2.0.3", "", {}, "sha512-WUjGcAqP1gQacoQe+OBJsFA7Ld4DyXuUIjZ5cc75cLHvJ7dtNsTugphxIADwspS+AraAUePCKrSVtPLFj/F88w=="],

    "picomatch": ["picomatch@4.0.3", "", {}, "sha512-5gTmgEY/sqK6gFXLIsQNH19lWb4ebPDLA4SdLP7dsWkIXHWlG66oPuVvXSGFPppYZz8ZDZq0dYYrbHfBCVUb1Q=="],

    "quansync": ["quansync@1.0.0", "", {}, "sha512-5xZacEEufv3HSTPQuchrvV6soaiACMFnq1H8wkVioctoH3TRha9Sz66lOxRwPK/qZj7HPiSveih9yAyh98gvqA=="],

    "readdirp": ["readdirp@4.1.2", "", {}, "sha512-GDhwkLfywWL2s6vEjyhri+eXmfH6j1L7JE27WhqLeYzoh/A3DBaYGEj2H/HFZCn/kMfim73FXxEJTw06WtxQwg=="],

    "resolve-pkg-maps": ["resolve-pkg-maps@1.0.0", "", {}, "sha512-seS2Tj26TBVOC2NIc2rOe2y2ZO7efxITtLZcGSOnHHNOQ7CkiUBfw0Iw2ck6xkIhPwLhKNLS8BO+hEpngQlqzw=="],

    "rolldown": ["rolldown@1.0.0-rc.6", "", { "dependencies": { "@oxc-project/types": "=0.115.0", "@rolldown/pluginutils": "1.0.0-rc.6" }, "optionalDependencies": { "@rolldown/binding-android-arm64": "1.0.0-rc.6", "@rolldown/binding-darwin-arm64": "1.0.0-rc.6", "@rolldown/binding-darwin-x64": "1.0.0-rc.6", "@rolldown/binding-freebsd-x64": "1.0.0-rc.6", "@rolldown/binding-linux-arm-gnueabihf": "1.0.0-rc.6", "@rolldown/binding-linux-arm64-gnu": "1.0.0-rc.6", "@rolldown/binding-linux-arm64-musl": "1.0.0-rc.6", "@rolldown/binding-linux-x64-gnu": "1.0.0-rc.6", "@rolldown/binding-linux-x64-musl": "1.0.0-rc.6", "@rolldown/binding-openharmony-arm64": "1.0.0-rc.6", "@rolldown/binding-wasm32-wasi": "1.0.0-rc.6", "@rolldown/binding-win32-arm64-msvc": "1.0.0-rc.6", "@rolldown/binding-win32-x64-msvc": "1.0.0-rc.6" }, "bin": { "rolldown": "bin/cli.mjs" } }, "sha512-B8vFPV1ADyegoYfhg+E7RAucYKv0xdVlwYYsIJgfPNeiSxZGWNxts9RqhyGzC11ULK/VaeXyKezGCwpMiH8Ktw=="],

    "rolldown-plugin-dts": ["rolldown-plugin-dts@0.14.3", "", { "dependencies": { "@babel/generator": "^7.28.0", "@babel/parser": "^7.28.0", "@babel/types": "^7.28.2", "ast-kit": "^2.1.1", "birpc": "^2.5.0", "debug": "^4.4.1", "dts-resolver": "^2.1.1", "get-tsconfig": "^4.10.1" }, "peerDependencies": { "@typescript/native-preview": ">=7.0.0-dev.20250601.1", "rolldown": "^1.0.0-beta.9", "typescript": "^5.0.0", "vue-tsc": "~3.0.3" }, "optionalPeers": ["@typescript/native-preview", "typescript", "vue-tsc"] }, "sha512-LsUPsPV2XpACe5wikxQzYBD0qg4nyxwUkLos5oF8v8qVO9jPpH6GRg2S5ZUELFry04Ab58C9Tibbi7dEbVLp2w=="],

    "semver": ["semver@7.7.4", "", { "bin": { "semver": "bin/semver.js" } }, "sha512-vFKC2IEtQnVhpT78h1Yp8wzwrf8CM+MzKMHGJZfBtzhZNycRFnXsHk6E5TxIkkMsgNS7mdX3AGB7x2QM2di4lA=="],

    "tinyexec": ["tinyexec@1.0.2", "", {}, "sha512-W/KYk+NFhkmsYpuHq5JykngiOCnxeVL8v8dFnqxSD8qEEdRfXk1SDM6JzNqcERbcGYj9tMrDQBYV9cjgnunFIg=="],

    "tinyglobby": ["tinyglobby@0.2.15", "", { "dependencies": { "fdir": "^6.5.0", "picomatch": "^4.0.3" } }, "sha512-j2Zq4NyQYG5XMST4cbs02Ak8iJUdxRM0XI5QyxXuZOzKOINmWurp3smXu3y5wDcJrptwpSjgXHzIQxR0omXljQ=="],

    "tsdown": ["tsdown@0.13.0", "", { "dependencies": { "ansis": "^4.1.0", "cac": "^6.7.14", "chokidar": "^4.0.3", "debug": "^4.4.1", "diff": "^8.0.2", "empathic": "^2.0.0", "hookable": "^5.5.3", "rolldown": "^1.0.0-beta.28", "rolldown-plugin-dts": "^0.14.0", "semver": "^7.7.2", "tinyexec": "^1.0.1", "tinyglobby": "^0.2.14", "unconfig": "^7.3.2" }, "peerDependencies": { "@arethetypeswrong/core": "^0.18.1", "publint": "^0.3.0", "typescript": "^5.0.0", "unplugin-lightningcss": "^0.4.0", "unplugin-unused": "^0.5.0" }, "optionalPeers": ["@arethetypeswrong/core", "publint", "typescript", "unplugin-lightningcss", "unplugin-unused"], "bin": { "tsdown": "dist/run.mjs" } }, "sha512-+1ZqbLIYDAiNxtAvq9RsTg55PRvaMxGmtvRFBW2J+i4GfDKiyHAkxez1eB3EPvHG1Z917nsf2madsSeblJS3GA=="],

    "tslib": ["tslib@2.8.1", "", {}, "sha512-oJFu94HQb+KVduSUQL7wnpmqnfmLsOA/nAh6b6EH0wCEoK0/mPeXU6c3wKDV83MkOuHPRHtSXKKU99IBazS/2w=="],

    "type-fest": ["type-fest@4.41.0", "", {}, "sha512-TeTSQ6H5YHvpqVwBRcnLDCBnDOHWYu7IvGbHT6N8AOymcr9PJGjc1GTtiWZTYg0NCgYwvnYWEkVChQAr9bjfwA=="],

    "typescript": ["typescript@5.8.3", "", { "bin": { "tsc": "bin/tsc", "tsserver": "bin/tsserver" } }, "sha512-p1diW6TqL9L07nNxvRMM7hMMw4c5XOo/1ibL4aAIGmSAt9slTE1Xgw5KWuof2uTOvCg9BY7ZRi+GaF+7sfgPeQ=="],

    "unconfig": ["unconfig@7.5.0", "", { "dependencies": { "@quansync/fs": "^1.0.0", "defu": "^6.1.4", "jiti": "^2.6.1", "quansync": "^1.0.0", "unconfig-core": "7.5.0" } }, "sha512-oi8Qy2JV4D3UQ0PsopR28CzdQ3S/5A1zwsUwp/rosSbfhJ5z7b90bIyTwi/F7hCLD4SGcZVjDzd4XoUQcEanvA=="],

    "unconfig-core": ["unconfig-core@7.5.0", "", { "dependencies": { "@quansync/fs": "^1.0.0", "quansync": "^1.0.0" } }, "sha512-Su3FauozOGP44ZmKdHy2oE6LPjk51M/TRRjHv2HNCWiDvfvCoxC2lno6jevMA91MYAdCdwP05QnWdWpSbncX/w=="],
  }
}
